github.com/google/go-cmp v0.5.9 h1:O2Tfq5qg4qc4AmwVlvv0oLiVAGB7enBSJ2x2DqQFi38=
github.com/shurcooL/githubv4 v0.0.0-20230215024106-420ad0987b9b h1:i0X9yN+P00PrKM2VZ4pc7K9m4bAQWpYnQDCk+VH4BA0=
github.com/shurcooL/githubv4 v0.0.0-20230215024106-420ad0987b9b/go.mod h1:hAF0iLZy4td2EX+/8Tw+4nodhlMrwN3HupfaXj3zkGo=
github.com/shurcooL/graphql v0.0.0-20220606043923-3cf50f8a0a29 h1:B1PEwpArrNp4dkQrfxh/abbBAOZBVp0ds+fBEOUOqOc=
github.com/shurcooL/graphql v0.0.0-20220606043923-3cf50f8a0a29/go.mod h1:AuYgA5Kyo4c7HfUmvRGs/6rGlMMV/6B1bVnB9JxJEEg=
golang.org/x/net v0.14.0 h1:BONx9s002vGdD9umnlX1Po8vOZmrgH34qlHcD1MfK14=
golang.org/x/net v0.14.0/go.mod h1:PpSgVXXLK0OxS0F31C1/tv6XNguvCrnXIDrFMspZIUI=
golang.org/x/oauth2 v0.25.0 h1:CY4y7XT9v0cRI9oupztF8AgiIu99L/ksR/Xp/6jrZ70=
golang.org/x/oauth2 v0.25.0/go.mod h1:XYTD2NtWslqkgxebSiOHnXEap4TF09sJSc7H1sXbhtI=
